
Microsoft Visual Studio Solution File, Format Version 12.00
# Visual Studio Version 16
VisualStudioVersion = 16.0.33529.622
MinimumVisualStudioVersion = 10.0.40219.1
Project("{FAE04EC0-301F-11D3-BF4B-00C04F79EFBC}") = "dz_21.04", "21.04.23_HW\dz_21.04.csproj", "{6955B60C-224D-4FB0-95F4-289412E33CD3}"
EndProject
Global
	GlobalSection(SolutionConfigurationPlatforms) = preSolution
		Debug|Any CPU = Debug|Any CPU
		Release|Any CPU = Release|Any CPU
	EndGlobalSection
	GlobalSection(ProjectConfigurationPlatforms) = postSolution
		{6955B60C-224D-4FB0-95F4-289412E33CD3}.Debug|Any CPU.ActiveCfg = Debug|Any CPU
		{6955B60C-224D-4FB0-95F4-289412E33CD3}.Debug|Any CPU.Build.0 = Debug|Any CPU
		{6955B60C-224D-4FB0-95F4-289412E33CD3}.Release|Any CPU.ActiveCfg = Release|Any CPU
		{6955B60C-224D-4FB0-95F4-289412E33CD3}.Release|Any CPU.Build.0 = Release|Any CPU
	EndGlobalSection
	GlobalSection(SolutionProperties) = preSolution
		HideSolutionNode = FALSE
	EndGlobalSection
	GlobalSection(ExtensibilityGlobals) = postSolution
		SolutionGuid = {A4BEECB4-F7D9-4CCE-9E32-0D66E965D3FD}
	EndGlobalSection
EndGlobal
